PODS:
  - Masonry (1.1.0)
  - ZHKUIKit (0.1.3):
    - Masonry

DEPENDENCIES:
  - ZHKUIKit (from `../`)

SPEC REPOS:
  trunk:
    - Masonry

EXTERNAL SOURCES:
  ZHKUIKit:
    :path: "../"

SPEC CHECKSUMS:
  Masonry: 678fab65091a9290e40e2832a55e7ab731aad201
  ZHKUIKit: 9d30d081c37505ce63379fdeca8f1c85b19b1885

PODFILE CHECKSUM: 73e3c152d40b99f10bae809e83123f633b18f2bc

COCOAPODS: 1.9.0.beta.2
