PODS:
  - Masonry (1.1.0)
  - ZHKUIKit (0.1.3):
    - Masonry
    - ZHKUIKit/TableView (= 0.1.3)
    - ZHKUIKit/WebView (= 0.1.3)
  - ZHKUIKit/TableView (0.1.3):
    - Masonry
  - ZHKUIKit/WebView (0.1.3):
    - Masonry

DEPENDENCIES:
  - ZHKUIKit (from `../`)
  - ZHKUIKit/TableView (from `../`)
  - ZHKUIKit/WebView (from `../`)

SPEC REPOS:
  trunk:
    - Masonry

EXTERNAL SOURCES:
  ZHKUIKit:
    :path: "../"

SPEC CHECKSUMS:
  Masonry: 678fab65091a9290e40e2832a55e7ab731aad201
  ZHKUIKit: 532b3e48233332a55f211b640341326a53b9ae04

PODFILE CHECKSUM: c9f7335e785b4f3a48ceec0e96897ef4a3b90ed7

COCOAPODS: 1.9.0.beta.2
